
Microsoft Visual Studio Solution File, Format Version 12.00
# Visual Studio Version 17
VisualStudioVersion = 17.7.34031.279
MinimumVisualStudioVersion = 10.0.40219.1
Project("{2150E333-8FDC-42A3-9474-1A3956D46DE8}") = "Frontend", "Frontend", "{B39C0D30-B4F8-4220-900B-845602B3282D}"
EndProject
Project("{2150E333-8FDC-42A3-9474-1A3956D46DE8}") = "Gateway", "Gateway", "{F531FB75-A6EC-46E8-A1E9-A6AAC669960C}"
EndProject
Project("{2150E333-8FDC-42A3-9474-1A3956D46DE8}") = "Integration", "Integration", "{AE23EDFA-8AD5-4A04-A653-87F4C4EDE754}"
EndProject
Project("{2150E333-8FDC-42A3-9474-1A3956D46DE8}") = "Services", "Services", "{F363E1CD-12A4-4A94-BE5D-5DD59EC56C38}"
EndProject
Project("{9A19103F-16F7-4668-BE54-9A1E7A4F7556}") = "Mango.Services.CouponAPI", "Mango.Services.CouponAPI\Mango.Services.CouponAPI.csproj", "{514728DD-D645-4DEA-9655-1BF7665E2DF8}"
EndProject
Project("{9A19103F-16F7-4668-BE54-9A1E7A4F7556}") = "Mango.Web", "Mango.Web\Mango.Web.csproj", "{4517650E-C442-401C-88DF-4AEC1A601B18}"
EndProject
Project("{9A19103F-16F7-4668-BE54-9A1E7A4F7556}") = "Mango.Service.AuthAPI", "Mango.Service.AuthAPI\Mango.Service.AuthAPI.csproj", "{8F732082-727B-4EE9-9A4B-9735A541F3F3}"
EndProject
Project("{E53339B2-1760-4266-BCC7-CA923CBCF16C}") = "docker-compose", "docker-compose.dcproj", "{1ADA39E4-D4EE-4E2C-91D2-23653337FE33}"
EndProject
Global
	GlobalSection(SolutionConfigurationPlatforms) = preSolution
		Debug|Any CPU = Debug|Any CPU
		Release|Any CPU = Release|Any CPU
	EndGlobalSection
	GlobalSection(ProjectConfigurationPlatforms) = postSolution
		{514728DD-D645-4DEA-9655-1BF7665E2DF8}.Debug|Any CPU.ActiveCfg = Debug|Any CPU
		{514728DD-D645-4DEA-9655-1BF7665E2DF8}.Debug|Any CPU.Build.0 = Debug|Any CPU
		{514728DD-D645-4DEA-9655-1BF7665E2DF8}.Release|Any CPU.ActiveCfg = Release|Any CPU
		{514728DD-D645-4DEA-9655-1BF7665E2DF8}.Release|Any CPU.Build.0 = Release|Any CPU
		{4517650E-C442-401C-88DF-4AEC1A601B18}.Debug|Any CPU.ActiveCfg = Debug|Any CPU
		{4517650E-C442-401C-88DF-4AEC1A601B18}.Debug|Any CPU.Build.0 = Debug|Any CPU
		{4517650E-C442-401C-88DF-4AEC1A601B18}.Release|Any CPU.ActiveCfg = Release|Any CPU
		{4517650E-C442-401C-88DF-4AEC1A601B18}.Release|Any CPU.Build.0 = Release|Any CPU
		{8F732082-727B-4EE9-9A4B-9735A541F3F3}.Debug|Any CPU.ActiveCfg = Debug|Any CPU
		{8F732082-727B-4EE9-9A4B-9735A541F3F3}.Debug|Any CPU.Build.0 = Debug|Any CPU
		{8F732082-727B-4EE9-9A4B-9735A541F3F3}.Release|Any CPU.ActiveCfg = Release|Any CPU
		{8F732082-727B-4EE9-9A4B-9735A541F3F3}.Release|Any CPU.Build.0 = Release|Any CPU
		{1ADA39E4-D4EE-4E2C-91D2-23653337FE33}.Debug|Any CPU.ActiveCfg = Debug|Any CPU
		{1ADA39E4-D4EE-4E2C-91D2-23653337FE33}.Debug|Any CPU.Build.0 = Debug|Any CPU
		{1ADA39E4-D4EE-4E2C-91D2-23653337FE33}.Release|Any CPU.ActiveCfg = Release|Any CPU
		{1ADA39E4-D4EE-4E2C-91D2-23653337FE33}.Release|Any CPU.Build.0 = Release|Any CPU
	EndGlobalSection
	GlobalSection(SolutionProperties) = preSolution
		HideSolutionNode = FALSE
	EndGlobalSection
	GlobalSection(NestedProjects) = preSolution
		{514728DD-D645-4DEA-9655-1BF7665E2DF8} = {F363E1CD-12A4-4A94-BE5D-5DD59EC56C38}
		{4517650E-C442-401C-88DF-4AEC1A601B18} = {B39C0D30-B4F8-4220-900B-845602B3282D}
		{8F732082-727B-4EE9-9A4B-9735A541F3F3} = {F363E1CD-12A4-4A94-BE5D-5DD59EC56C38}
	EndGlobalSection
	GlobalSection(ExtensibilityGlobals) = postSolution
		SolutionGuid = {6E747637-DF9E-4481-BEB7-D9D5282AD740}
	EndGlobalSection
EndGlobal
